
Microsoft Visual Studio Solution File, Format Version 12.00
# Visual Studio 15
VisualStudioVersion = 15.0.28307.329
MinimumVisualStudioVersion = 10.0.40219.1
Project("{FAE04EC0-301F-11D3-BF4B-00C04F79EFBC}") = "SalesWebMVC", "SalesWebMVC\SalesWebMVC.csproj", "{712C90DD-7D48-4C8F-8C7D-A83CE49D53B3}"
EndProject
Global
	GlobalSection(SolutionConfigurationPlatforms) = preSolution
		Debug|Any CPU = Debug|Any CPU
		Release|Any CPU = Release|Any CPU
	EndGlobalSection
	GlobalSection(ProjectConfigurationPlatforms) = postSolution
		{712C90DD-7D48-4C8F-8C7D-A83CE49D53B3}.Debug|Any CPU.ActiveCfg = Debug|Any CPU
		{712C90DD-7D48-4C8F-8C7D-A83CE49D53B3}.Debug|Any CPU.Build.0 = Debug|Any CPU
		{712C90DD-7D48-4C8F-8C7D-A83CE49D53B3}.Release|Any CPU.ActiveCfg = Release|Any CPU
		{712C90DD-7D48-4C8F-8C7D-A83CE49D53B3}.Release|Any CPU.Build.0 = Release|Any CPU
	EndGlobalSection
	GlobalSection(SolutionProperties) = preSolution
		HideSolutionNode = FALSE
	EndGlobalSection
	GlobalSection(ExtensibilityGlobals) = postSolution
		SolutionGuid = {99834FB7-6758-44E5-B2F9-895BFD04F1D4}
	EndGlobalSection
EndGlobal
